
Microsoft Visual Studio Solution File, Format Version 12.00
# Visual Studio 2013
VisualStudioVersion = 12.0.21005.1
MinimumVisualStudioVersion = 10.0.40219.1
Project("{FAE04EC0-301F-11D3-BF4B-00C04F79EFBC}") = "XNA_Opdracht1_Bouncing", "XNA_Opdracht1_Bouncing\XNA_Opdracht1_Bouncing\XNA_Opdracht1_Bouncing.csproj", "{21038F21-0C5B-499F-A7BD-EC2080AD5CAA}"
EndProject
Project("{FAE04EC0-301F-11D3-BF4B-00C04F79EFBC}") = "XNA_Opdracht1_BouncingContent", "XNA_Opdracht1_Bouncing\XNA_Opdracht1_BouncingContent\XNA_Opdracht1_BouncingContent.contentproj", "{9FC36BB3-2056-42EB-84A0-621CD50FF4D6}"
EndProject
Project("{FAE04EC0-301F-11D3-BF4B-00C04F79EFBC}") = "GameManagement", "XNA_Opdracht1_Bouncing\GameManagement\GameManagement.csproj", "{81460380-4FF0-4EC0-9586-389E598C9F92}"
EndProject
Global
	GlobalSection(SolutionConfigurationPlatforms) = preSolution
		Debug|x86 = Debug|x86
		Release|x86 = Release|x86
	EndGlobalSection
	GlobalSection(ProjectConfigurationPlatforms) = postSolution
		{21038F21-0C5B-499F-A7BD-EC2080AD5CAA}.Debug|x86.ActiveCfg = Debug|x86
		{21038F21-0C5B-499F-A7BD-EC2080AD5CAA}.Debug|x86.Build.0 = Debug|x86
		{21038F21-0C5B-499F-A7BD-EC2080AD5CAA}.Release|x86.ActiveCfg = Release|x86
		{21038F21-0C5B-499F-A7BD-EC2080AD5CAA}.Release|x86.Build.0 = Release|x86
		{9FC36BB3-2056-42EB-84A0-621CD50FF4D6}.Debug|x86.ActiveCfg = Debug|x86
		{9FC36BB3-2056-42EB-84A0-621CD50FF4D6}.Release|x86.ActiveCfg = Release|x86
		{81460380-4FF0-4EC0-9586-389E598C9F92}.Debug|x86.ActiveCfg = Debug|x86
		{81460380-4FF0-4EC0-9586-389E598C9F92}.Debug|x86.Build.0 = Debug|x86
		{81460380-4FF0-4EC0-9586-389E598C9F92}.Release|x86.ActiveCfg = Release|x86
		{81460380-4FF0-4EC0-9586-389E598C9F92}.Release|x86.Build.0 = Release|x86
	EndGlobalSection
	GlobalSection(SolutionProperties) = preSolution
		HideSolutionNode = FALSE
	EndGlobalSection
EndGlobal
